
Microsoft Visual Studio Solution File, Format Version 12.00
# Visual Studio Version 17
VisualStudioVersion = 17.3.32922.545
MinimumVisualStudioVersion = 10.0.40219.1
Project("{FAE04EC0-301F-11D3-BF4B-00C04F79EFBC}") = "LibraryMathematicalOperations", "LibraryMathematicalOperations\LibraryMathematicalOperations.csproj", "{8FB0EC09-296F-4DDC-A153-C5A6BD905A01}"
EndProject
Global
	GlobalSection(SolutionConfigurationPlatforms) = preSolution
		Debug|Any CPU = Debug|Any CPU
		Release|Any CPU = Release|Any CPU
	EndGlobalSection
	GlobalSection(ProjectConfigurationPlatforms) = postSolution
		{8FB0EC09-296F-4DDC-A153-C5A6BD905A01}.Debug|Any CPU.ActiveCfg = Debug|Any CPU
		{8FB0EC09-296F-4DDC-A153-C5A6BD905A01}.Debug|Any CPU.Build.0 = Debug|Any CPU
		{8FB0EC09-296F-4DDC-A153-C5A6BD905A01}.Release|Any CPU.ActiveCfg = Release|Any CPU
		{8FB0EC09-296F-4DDC-A153-C5A6BD905A01}.Release|Any CPU.Build.0 = Release|Any CPU
	EndGlobalSection
	GlobalSection(SolutionProperties) = preSolution
		HideSolutionNode = FALSE
	EndGlobalSection
	GlobalSection(ExtensibilityGlobals) = postSolution
		SolutionGuid = {95F4A040-8E60-40F1-A0A1-2B67D0BF5268}
	EndGlobalSection
EndGlobal
